
Microsoft Visual Studio Solution File, Format Version 12.00
# Visual Studio Version 17
VisualStudioVersion = 17.14.36705.20 d17.14
MinimumVisualStudioVersion = 10.0.40219.1
Project("{FAE04EC0-301F-11D3-BF4B-00C04F79EFBC}") = "SensorProcessing.WebApi", "SensorProcessing.WebApi\SensorProcessing.WebApi.csproj", "{5F8CA1FE-C23E-43BD-8CE3-8ACA50F2A019}"
EndProject
Project("{FAE04EC0-301F-11D3-BF4B-00C04F79EFBC}") = "SensorProcessing.DataAccess", "SensorProcessing.DataAccess\SensorProcessing.DataAccess.csproj", "{AD485C4A-F62D-4712-8EF4-E04A510D7091}"
EndProject
Global
	GlobalSection(SolutionConfigurationPlatforms) = preSolution
		Debug|Any CPU = Debug|Any CPU
		Release|Any CPU = Release|Any CPU
	EndGlobalSection
	GlobalSection(ProjectConfigurationPlatforms) = postSolution
		{5F8CA1FE-C23E-43BD-8CE3-8ACA50F2A019}.Debug|Any CPU.ActiveCfg = Debug|Any CPU
		{5F8CA1FE-C23E-43BD-8CE3-8ACA50F2A019}.Debug|Any CPU.Build.0 = Debug|Any CPU
		{5F8CA1FE-C23E-43BD-8CE3-8ACA50F2A019}.Release|Any CPU.ActiveCfg = Release|Any CPU
		{5F8CA1FE-C23E-43BD-8CE3-8ACA50F2A019}.Release|Any CPU.Build.0 = Release|Any CPU
		{AD485C4A-F62D-4712-8EF4-E04A510D7091}.Debug|Any CPU.ActiveCfg = Debug|Any CPU
		{AD485C4A-F62D-4712-8EF4-E04A510D7091}.Debug|Any CPU.Build.0 = Debug|Any CPU
		{AD485C4A-F62D-4712-8EF4-E04A510D7091}.Release|Any CPU.ActiveCfg = Release|Any CPU
		{AD485C4A-F62D-4712-8EF4-E04A510D7091}.Release|Any CPU.Build.0 = Release|Any CPU
	EndGlobalSection
	GlobalSection(SolutionProperties) = preSolution
		HideSolutionNode = FALSE
	EndGlobalSection
	GlobalSection(ExtensibilityGlobals) = postSolution
		SolutionGuid = {35BE3875-520E-4E60-A10E-81634298EB33}
	EndGlobalSection
EndGlobal
